
Microsoft Visual Studio Solution File, Format Version 12.00
# Visual Studio Version 16
VisualStudioVersion = 16.0.29926.136
MinimumVisualStudioVersion = 10.0.40219.1
Project("{FAE04EC0-301F-11D3-BF4B-00C04F79EFBC}") = "Books", "Books.csproj", "{9D24066C-1B7A-48D4-9C4C-EC4ACC1A3104}"
EndProject
Global
	GlobalSection(SolutionConfigurationPlatforms) = preSolution
		Debug|Any CPU = Debug|Any CPU
		Release|Any CPU = Release|Any CPU
	EndGlobalSection
	GlobalSection(ProjectConfigurationPlatforms) = postSolution
		{9D24066C-1B7A-48D4-9C4C-EC4ACC1A3104}.Debug|Any CPU.ActiveCfg = Debug|Any CPU
		{9D24066C-1B7A-48D4-9C4C-EC4ACC1A3104}.Debug|Any CPU.Build.0 = Debug|Any CPU
		{9D24066C-1B7A-48D4-9C4C-EC4ACC1A3104}.Release|Any CPU.ActiveCfg = Release|Any CPU
		{9D24066C-1B7A-48D4-9C4C-EC4ACC1A3104}.Release|Any CPU.Build.0 = Release|Any CPU
	EndGlobalSection
	GlobalSection(SolutionProperties) = preSolution
		HideSolutionNode = FALSE
	EndGlobalSection
	GlobalSection(ExtensibilityGlobals) = postSolution
		SolutionGuid = {5616AAFE-0DBC-4EEA-A7B1-5A00A9DEACE3}
	EndGlobalSection
EndGlobal
