
Microsoft Visual Studio Solution File, Format Version 12.00
# Visual Studio Version 16
VisualStudioVersion = 16.0.29926.136
MinimumVisualStudioVersion = 10.0.40219.1
Project("{FAE04EC0-301F-11D3-BF4B-00C04F79EFBC}") = "2D_arrays", "2D_arrays.csproj", "{09FCBBB6-0398-41CD-9C11-F51948892918}"
EndProject
Global
	GlobalSection(SolutionConfigurationPlatforms) = preSolution
		Debug|Any CPU = Debug|Any CPU
		Release|Any CPU = Release|Any CPU
	EndGlobalSection
	GlobalSection(ProjectConfigurationPlatforms) = postSolution
		{09FCBBB6-0398-41CD-9C11-F51948892918}.Debug|Any CPU.ActiveCfg = Debug|Any CPU
		{09FCBBB6-0398-41CD-9C11-F51948892918}.Debug|Any CPU.Build.0 = Debug|Any CPU
		{09FCBBB6-0398-41CD-9C11-F51948892918}.Release|Any CPU.ActiveCfg = Release|Any CPU
		{09FCBBB6-0398-41CD-9C11-F51948892918}.Release|Any CPU.Build.0 = Release|Any CPU
	EndGlobalSection
	GlobalSection(SolutionProperties) = preSolution
		HideSolutionNode = FALSE
	EndGlobalSection
	GlobalSection(ExtensibilityGlobals) = postSolution
		SolutionGuid = {047E0DF3-F4FC-46A0-90DC-EBFEFC1177D1}
	EndGlobalSection
EndGlobal
