
Microsoft Visual Studio Solution File, Format Version 12.00
# Visual Studio Version 16
VisualStudioVersion = 16.0.29926.136
MinimumVisualStudioVersion = 10.0.40219.1
Project("{FAE04EC0-301F-11D3-BF4B-00C04F79EFBC}") = "Exam", "Exam.csproj", "{206647A7-5462-4AEE-A791-EC2E234BDA28}"
EndProject
Global
	GlobalSection(SolutionConfigurationPlatforms) = preSolution
		Debug|Any CPU = Debug|Any CPU
		Release|Any CPU = Release|Any CPU
	EndGlobalSection
	GlobalSection(ProjectConfigurationPlatforms) = postSolution
		{206647A7-5462-4AEE-A791-EC2E234BDA28}.Debug|Any CPU.ActiveCfg = Debug|Any CPU
		{206647A7-5462-4AEE-A791-EC2E234BDA28}.Debug|Any CPU.Build.0 = Debug|Any CPU
		{206647A7-5462-4AEE-A791-EC2E234BDA28}.Release|Any CPU.ActiveCfg = Release|Any CPU
		{206647A7-5462-4AEE-A791-EC2E234BDA28}.Release|Any CPU.Build.0 = Release|Any CPU
	EndGlobalSection
	GlobalSection(SolutionProperties) = preSolution
		HideSolutionNode = FALSE
	EndGlobalSection
	GlobalSection(ExtensibilityGlobals) = postSolution
		SolutionGuid = {6CC94003-2121-4FE2-A459-D8E1E5C1F709}
	EndGlobalSection
EndGlobal
