
Microsoft Visual Studio Solution File, Format Version 12.00
# Visual Studio Version 16
VisualStudioVersion = 16.0.29926.136
MinimumVisualStudioVersion = 10.0.40219.1
Project("{FAE04EC0-301F-11D3-BF4B-00C04F79EFBC}") = "myGraphic", "myGraphic.csproj", "{2983BC2E-B2F9-4518-8826-8936A5A5C9B6}"
EndProject
Global
	GlobalSection(SolutionConfigurationPlatforms) = preSolution
		Debug|Any CPU = Debug|Any CPU
		Release|Any CPU = Release|Any CPU
	EndGlobalSection
	GlobalSection(ProjectConfigurationPlatforms) = postSolution
		{2983BC2E-B2F9-4518-8826-8936A5A5C9B6}.Debug|Any CPU.ActiveCfg = Debug|Any CPU
		{2983BC2E-B2F9-4518-8826-8936A5A5C9B6}.Debug|Any CPU.Build.0 = Debug|Any CPU
		{2983BC2E-B2F9-4518-8826-8936A5A5C9B6}.Release|Any CPU.ActiveCfg = Release|Any CPU
		{2983BC2E-B2F9-4518-8826-8936A5A5C9B6}.Release|Any CPU.Build.0 = Release|Any CPU
	EndGlobalSection
	GlobalSection(SolutionProperties) = preSolution
		HideSolutionNode = FALSE
	EndGlobalSection
	GlobalSection(ExtensibilityGlobals) = postSolution
		SolutionGuid = {DD4E2400-FBAA-4ABA-8769-BFE1927E6C20}
	EndGlobalSection
EndGlobal
